// !$*UTF8*$!
{
	archiveVersion = 1;
	classes = {
	};
	objectVersion = 46;
	objects = {

/* Begin PBXBuildFile section */
		8B485A261EDD0110008F7864 /* Assets.xcassets in Resources */ = {isa = PBXBuildFile; fileRef = 8B485A151EDD0110008F7864 /* Assets.xcassets */; };
		8B485A271EDD0110008F7864 /* InfoPlist.strings in Resources */ = {isa = PBXBuildFile; fileRef = 8B485A161EDD0110008F7864 /* InfoPlist.strings */; };
		8B485A281EDD0110008F7864 /* LaunchScreen.storyboard in Resources */ = {isa = PBXBuildFile; fileRef = 8B485A181EDD0110008F7864 /* LaunchScreen.storyboard */; };
		8B485A291EDD0110008F7864 /* Main.storyboard in Resources */ = {isa = PBXBuildFile; fileRef = 8B485A1A1EDD0110008F7864 /* Main.storyboard */; };
		8B485A2A1EDD0110008F7864 /* AboutViewController.swift in Sources */ = {isa = PBXBuildFile; fileRef = 8B485A1D1EDD0110008F7864 /* AboutViewController.swift */; };
		8B485A2B1EDD0110008F7864 /* AppDelegate.swift in Sources */ = {isa = PBXBuildFile; fileRef = 8B485A1E1EDD0110008F7864 /* AppDelegate.swift */; };
		8B485A2C1EDD0110008F7864 /* CalculatorViewController.swift in Sources */ = {isa = PBXBuildFile; fileRef = 8B485A1F1EDD0110008F7864 /* CalculatorViewController.swift */; };
		8B485A2D1EDD0110008F7864 /* ConversionViewController.swift in Sources */ = {isa = PBXBuildFile; fileRef = 8B485A201EDD0110008F7864 /* ConversionViewController.swift */; };
		8B485A2E1EDD0110008F7864 /* LicenseViewController.swift in Sources */ = {isa = PBXBuildFile; fileRef = 8B485A211EDD0110008F7864 /* LicenseViewController.swift */; };
		8B485A2F1EDD0110008F7864 /* SettingTableViewController.swift in Sources */ = {isa = PBXBuildFile; fileRef = 8B485A221EDD0110008F7864 /* SettingTableViewController.swift */; };
		8B485A301EDD0110008F7864 /* TextFieldDelegateForNumber.swift in Sources */ = {isa = PBXBuildFile; fileRef = 8B485A231EDD0110008F7864 /* TextFieldDelegateForNumber.swift */; };
		A47A69471C8D0E750066AD78 /* CalculatorForWoodWorkerUITests.swift in Sources */ = {isa = PBXBuildFile; fileRef = A47A69461C8D0E750066AD78 /* CalculatorForWoodWorkerUITests.swift */; };
		A47A694F1C8D0EBD0066AD78 /* SnapshotHelper.swift in Sources */ = {isa = PBXBuildFile; fileRef = A47A694E1C8D0EBD0066AD78 /* SnapshotHelper.swift */; };
/* End PBXBuildFile section */

/* Begin PBXContainerItemProxy section */
		A47A69491C8D0E750066AD78 /* PBXContainerItemProxy */ = {
			isa = PBXContainerItemProxy;
			containerPortal = A4EEF0C71C856CEF0039430A /* Project object */;
			proxyType = 1;
			remoteGlobalIDString = A4EEF0CE1C856CEF0039430A;
			remoteInfo = CalculatorForWoodWorker;
		};
/* End PBXContainerItemProxy section */

/* Begin PBXFileReference section */
		8B485A151EDD0110008F7864 /* Assets.xcassets */ = {isa = PBXFileReference; lastKnownFileType = folder.assetcatalog; path = Assets.xcassets; sourceTree = "<group>"; };
		8B485A171EDD0110008F7864 /* Base */ = {isa = PBXFileReference; lastKnownFileType = text.plist.strings; name = Base; path = Base.lproj/InfoPlist.strings; sourceTree = "<group>"; };
		8B485A191EDD0110008F7864 /* Base */ = {isa = PBXFileReference; lastKnownFileType = file.storyboard; name = Base; path = Base.lproj/LaunchScreen.storyboard; sourceTree = "<group>"; };
		8B485A1B1EDD0110008F7864 /* Base */ = {isa = PBXFileReference; lastKnownFileType = file.storyboard; name = Base; path = Base.lproj/Main.storyboard; sourceTree = "<group>"; };
		8B485A1D1EDD0110008F7864 /* AboutViewController.swift */ = {isa = PBXFileReference; fileEncoding = 4; lastKnownFileType = sourcecode.swift; path = AboutViewController.swift; sourceTree = "<group>"; };
		8B485A1E1EDD0110008F7864 /* AppDelegate.swift */ = {isa = PBXFileReference; fileEncoding = 4; lastKnownFileType = sourcecode.swift; path = AppDelegate.swift; sourceTree = "<group>"; };
		8B485A1F1EDD0110008F7864 /* CalculatorViewController.swift */ = {isa = PBXFileReference; fileEncoding = 4; lastKnownFileType = sourcecode.swift; path = CalculatorViewController.swift; sourceTree = "<group>"; };
		8B485A201EDD0110008F7864 /* ConversionViewController.swift */ = {isa = PBXFileReference; fileEncoding = 4; lastKnownFileType = sourcecode.swift; path = ConversionViewController.swift; sourceTree = "<group>"; };
		8B485A211EDD0110008F7864 /* LicenseViewController.swift */ = {isa = PBXFileReference; fileEncoding = 4; lastKnownFileType = sourcecode.swift; path = LicenseViewController.swift; sourceTree = "<group>"; };
		8B485A221EDD0110008F7864 /* SettingTableViewController.swift */ = {isa = PBXFileReference; fileEncoding = 4; lastKnownFileType = sourcecode.swift; path = SettingTableViewController.swift; sourceTree = "<group>"; };
		8B485A231EDD0110008F7864 /* TextFieldDelegateForNumber.swift */ = {isa = PBXFileReference; fileEncoding = 4; lastKnownFileType = sourcecode.swift; path = TextFieldDelegateForNumber.swift; sourceTree = "<group>"; };
		8B485A251EDD0110008F7864 /* Info.plist */ = {isa = PBXFileReference; fileEncoding = 4; lastKnownFileType = text.plist.xml; path = Info.plist; sourceTree = "<group>"; };
		A47A69441C8D0E750066AD78 /* CalculatorForWoodWorkerUITests.xctest */ = {isa = PBXFileReference; explicitFileType = wrapper.cfbundle; includeInIndex = 0; path = CalculatorForWoodWorkerUITests.xctest; sourceTree = BUILT_PRODUCTS_DIR; };
		A47A69461C8D0E750066AD78 /* CalculatorForWoodWorkerUITests.swift */ = {isa = PBXFileReference; lastKnownFileType = sourcecode.swift; path = CalculatorForWoodWorkerUITests.swift; sourceTree = "<group>"; };
		A47A69481C8D0E750066AD78 /* Info.plist */ = {isa = PBXFileReference; lastKnownFileType = text.plist.xml; path = Info.plist; sourceTree = "<group>"; };
		A47A694E1C8D0EBD0066AD78 /* SnapshotHelper.swift */ = {isa = PBXFileReference; fileEncoding = 4; lastKnownFileType = sourcecode.swift; path = SnapshotHelper.swift; sourceTree = "<group>"; };
		A4EEF0CF1C856CEF0039430A /* CalculatorForWoodWorker.app */ = {isa = PBXFileReference; explicitFileType = wrapper.application; includeInIndex = 0; path = CalculatorForWoodWorker.app; sourceTree = BUILT_PRODUCTS_DIR; };
/* End PBXFileReference section */

/* Begin PBXFrameworksBuildPhase section */
		A47A69411C8D0E750066AD78 /* Frameworks */ = {
			isa = PBXFrameworksBuildPhase;
			buildActionMask = 2147483647;
			files = (
			);
			runOnlyForDeploymentPostprocessing = 0;
		};
		A4EEF0CC1C856CEF0039430A /* Frameworks */ = {
			isa = PBXFrameworksBuildPhase;
			buildActionMask = 2147483647;
			files = (
			);
			runOnlyForDeploymentPostprocessing = 0;
		};
/* End PBXFrameworksBuildPhase section */

/* Begin PBXGroup section */
		8B485A131EDD0110008F7864 /* CalculatorForWoodWorker */ = {
			isa = PBXGroup;
			children = (
				8B485A1C1EDD0110008F7864 /* Sources */,
				8B485A141EDD0110008F7864 /* Resources */,
				8B485A241EDD0110008F7864 /* Supporting Files */,
			);
			path = CalculatorForWoodWorker;
			sourceTree = "<group>";
		};
		8B485A141EDD0110008F7864 /* Resources */ = {
			isa = PBXGroup;
			children = (
				8B485A151EDD0110008F7864 /* Assets.xcassets */,
				8B485A161EDD0110008F7864 /* InfoPlist.strings */,
				8B485A181EDD0110008F7864 /* LaunchScreen.storyboard */,
				8B485A1A1EDD0110008F7864 /* Main.storyboard */,
			);
			path = Resources;
			sourceTree = "<group>";
		};
		8B485A1C1EDD0110008F7864 /* Sources */ = {
			isa = PBXGroup;
			children = (
				8B485A1D1EDD0110008F7864 /* AboutViewController.swift */,
				8B485A1E1EDD0110008F7864 /* AppDelegate.swift */,
				8B485A1F1EDD0110008F7864 /* CalculatorViewController.swift */,
				8B485A201EDD0110008F7864 /* ConversionViewController.swift */,
				8B485A211EDD0110008F7864 /* LicenseViewController.swift */,
				8B485A221EDD0110008F7864 /* SettingTableViewController.swift */,
				8B485A231EDD0110008F7864 /* TextFieldDelegateForNumber.swift */,
			);
			path = Sources;
			sourceTree = "<group>";
		};
		8B485A241EDD0110008F7864 /* Supporting Files */ = {
			isa = PBXGroup;
			children = (
				8B485A251EDD0110008F7864 /* Info.plist */,
			);
			path = "Supporting Files";
			sourceTree = "<group>";
		};
		A47A69451C8D0E750066AD78 /* CalculatorForWoodWorkerUITests */ = {
			isa = PBXGroup;
			children = (
				A47A694E1C8D0EBD0066AD78 /* SnapshotHelper.swift */,
				A47A69461C8D0E750066AD78 /* CalculatorForWoodWorkerUITests.swift */,
				A47A69481C8D0E750066AD78 /* Info.plist */,
			);
			path = CalculatorForWoodWorkerUITests;
			sourceTree = "<group>";
		};
		A4EEF0C61C856CEF0039430A = {
			isa = PBXGroup;
			children = (
				8B485A131EDD0110008F7864 /* CalculatorForWoodWorker */,
				A47A69451C8D0E750066AD78 /* CalculatorForWoodWorkerUITests */,
				A4EEF0D01C856CEF0039430A /* Products */,
			);
			sourceTree = "<group>";
		};
		A4EEF0D01C856CEF0039430A /* Products */ = {
			isa = PBXGroup;
			children = (
				A4EEF0CF1C856CEF0039430A /* CalculatorForWoodWorker.app */,
				A47A69441C8D0E750066AD78 /* CalculatorForWoodWorkerUITests.xctest */,
			);
			name = Products;
			sourceTree = "<group>";
		};
/* End PBXGroup section */

/* Begin PBXNativeTarget section */
		A47A69431C8D0E750066AD78 /* CalculatorForWoodWorkerUITests */ = {
			isa = PBXNativeTarget;
			buildConfigurationList = A47A694B1C8D0E750066AD78 /* Build configuration list for PBXNativeTarget "CalculatorForWoodWorkerUITests" */;
			buildPhases = (
				A47A69401C8D0E750066AD78 /* Sources */,
				A47A69411C8D0E750066AD78 /* Frameworks */,
				A47A69421C8D0E750066AD78 /* Resources */,
			);
			buildRules = (
			);
			dependencies = (
				A47A694A1C8D0E750066AD78 /* PBXTargetDependency */,
			);
			name = CalculatorForWoodWorkerUITests;
			productName = CalculatorForWoodWorkerUITests;
			productReference = A47A69441C8D0E750066AD78 /* CalculatorForWoodWorkerUITests.xctest */;
			productType = "com.apple.product-type.bundle.ui-testing";
		};
		A4EEF0CE1C856CEF0039430A /* CalculatorForWoodWorker */ = {
			isa = PBXNativeTarget;
			buildConfigurationList = A4EEF0E11C856CEF0039430A /* Build configuration list for PBXNativeTarget "CalculatorForWoodWorker" */;
			buildPhases = (
				A4EEF0CB1C856CEF0039430A /* Sources */,
				A4EEF0CC1C856CEF0039430A /* Frameworks */,
				A4EEF0CD1C856CEF0039430A /* Resources */,
			);
			buildRules = (
			);
			dependencies = (
			);
			name = CalculatorForWoodWorker;
			productName = CalculatorForWoodWorker;
			productReference = A4EEF0CF1C856CEF0039430A /* CalculatorForWoodWorker.app */;
			productType = "com.apple.product-type.application";
		};
/* End PBXNativeTarget section */

/* Begin PBXProject section */
		A4EEF0C71C856CEF0039430A /* Project object */ = {
			isa = PBXProject;
			attributes = {
				LastSwiftUpdateCheck = 0720;
				LastUpgradeCheck = 0800;
				ORGANIZATIONNAME = softdevstory;
				TargetAttributes = {
					A47A69431C8D0E750066AD78 = {
						CreatedOnToolsVersion = 7.2.1;
						LastSwiftMigration = 0800;
						TestTargetID = A4EEF0CE1C856CEF0039430A;
					};
					A4EEF0CE1C856CEF0039430A = {
						CreatedOnToolsVersion = 7.2.1;
						DevelopmentTeam = MGW797GVB2;
						LastSwiftMigration = 0800;
					};
				};
			};
			buildConfigurationList = A4EEF0CA1C856CEF0039430A /* Build configuration list for PBXProject "CalculatorForWoodWorker" */;
			compatibilityVersion = "Xcode 3.2";
			developmentRegion = English;
			hasScannedForEncodings = 0;
			knownRegions = (
				en,
				Base,
			);
			mainGroup = A4EEF0C61C856CEF0039430A;
			productRefGroup = A4EEF0D01C856CEF0039430A /* Products */;
			projectDirPath = "";
			projectRoot = "";
			targets = (
				A4EEF0CE1C856CEF0039430A /* CalculatorForWoodWorker */,
				A47A69431C8D0E750066AD78 /* CalculatorForWoodWorkerUITests */,
			);
		};
/* End PBXProject section */

/* Begin PBXResourcesBuildPhase section */
		A47A69421C8D0E750066AD78 /* Resources */ = {
			isa = PBXResourcesBuildPhase;
			buildActionMask = 2147483647;
			files = (
			);
			runOnlyForDeploymentPostprocessing = 0;
		};
		A4EEF0CD1C856CEF0039430A /* Resources */ = {
			isa = PBXResourcesBuildPhase;
			buildActionMask = 2147483647;
			files = (
				8B485A281EDD0110008F7864 /* LaunchScreen.storyboard in Resources */,
				8B485A261EDD0110008F7864 /* Assets.xcassets in Resources */,
				8B485A271EDD0110008F7864 /* InfoPlist.strings in Resources */,
				8B485A291EDD0110008F7864 /* Main.storyboard in Resources */,
			);
			runOnlyForDeploymentPostprocessing = 0;
		};
/* End PBXResourcesBuildPhase section */

/* Begin PBXSourcesBuildPhase section */
		A47A69401C8D0E750066AD78 /* Sources */ = {
			isa = PBXSourcesBuildPhase;
			buildActionMask = 2147483647;
			files = (
				A47A69471C8D0E750066AD78 /* CalculatorForWoodWorkerUITests.swift in Sources */,
				A47A694F1C8D0EBD0066AD78 /* SnapshotHelper.swift in Sources */,
			);
			runOnlyForDeploymentPostprocessing = 0;
		};
		A4EEF0CB1C856CEF0039430A /* Sources */ = {
			isa = PBXSourcesBuildPhase;
			buildActionMask = 2147483647;
			files = (
				8B485A2F1EDD0110008F7864 /* SettingTableViewController.swift in Sources */,
				8B485A2B1EDD0110008F7864 /* AppDelegate.swift in Sources */,
				8B485A301EDD0110008F7864 /* TextFieldDelegateForNumber.swift in Sources */,
				8B485A2E1EDD0110008F7864 /* LicenseViewController.swift in Sources */,
				8B485A2C1EDD0110008F7864 /* CalculatorViewController.swift in Sources */,
				8B485A2D1EDD0110008F7864 /* ConversionViewController.swift in Sources */,
				8B485A2A1EDD0110008F7864 /* AboutViewController.swift in Sources */,
			);
			runOnlyForDeploymentPostprocessing = 0;
		};
/* End PBXSourcesBuildPhase section */

/* Begin PBXTargetDependency section */
		A47A694A1C8D0E750066AD78 /* PBXTargetDependency */ = {
			isa = PBXTargetDependency;
			target = A4EEF0CE1C856CEF0039430A /* CalculatorForWoodWorker */;
			targetProxy = A47A69491C8D0E750066AD78 /* PBXContainerItemProxy */;
		};
/* End PBXTargetDependency section */

/* Begin PBXVariantGroup section */
		8B485A161EDD0110008F7864 /* InfoPlist.strings */ = {
			isa = PBXVariantGroup;
			children = (
				8B485A171EDD0110008F7864 /* Base */,
			);
			name = InfoPlist.strings;
			sourceTree = "<group>";
		};
		8B485A181EDD0110008F7864 /* LaunchScreen.storyboard */ = {
			isa = PBXVariantGroup;
			children = (
				8B485A191EDD0110008F7864 /* Base */,
			);
			name = LaunchScreen.storyboard;
			sourceTree = "<group>";
		};
		8B485A1A1EDD0110008F7864 /* Main.storyboard */ = {
			isa = PBXVariantGroup;
			children = (
				8B485A1B1EDD0110008F7864 /* Base */,
			);
			name = Main.storyboard;
			sourceTree = "<group>";
		};
/* End PBXVariantGroup section */

/* Begin XCBuildConfiguration section */
		A47A694C1C8D0E750066AD78 /* Debug */ = {
			isa = XCBuildConfiguration;
			buildSettings = {
				ALWAYS_EMBED_SWIFT_STANDARD_LIBRARIES = YES;
				INFOPLIST_FILE = CalculatorForWoodWorkerUITests/Info.plist;
				IPHONEOS_DEPLOYMENT_TARGET = 9.2;
				LD_RUNPATH_SEARCH_PATHS = "$(inherited) @executable_path/Frameworks @loader_path/Frameworks";
				PRODUCT_BUNDLE_IDENTIFIER = net.softdevstory.CalculatorForWoodWorkerUITests;
				PRODUCT_NAME = "$(TARGET_NAME)";
				SWIFT_VERSION = 3.0;
				TEST_TARGET_NAME = CalculatorForWoodWorker;
				USES_XCTRUNNER = YES;
			};
			name = Debug;
		};
		A47A694D1C8D0E750066AD78 /* Release */ = {
			isa = XCBuildConfiguration;
			buildSettings = {
				ALWAYS_EMBED_SWIFT_STANDARD_LIBRARIES = YES;
				INFOPLIST_FILE = CalculatorForWoodWorkerUITests/Info.plist;
				IPHONEOS_DEPLOYMENT_TARGET = 9.2;
				LD_RUNPATH_SEARCH_PATHS = "$(inherited) @executable_path/Frameworks @loader_path/Frameworks";
				PRODUCT_BUNDLE_IDENTIFIER = net.softdevstory.CalculatorForWoodWorkerUITests;
				PRODUCT_NAME = "$(TARGET_NAME)";
				SWIFT_VERSION = 3.0;
				TEST_TARGET_NAME = CalculatorForWoodWorker;
				USES_XCTRUNNER = YES;
			};
			name = Release;
		};
		A4EEF0DF1C856CEF0039430A /* Debug */ = {
			isa = XCBuildConfiguration;
			buildSettings = {
				ALWAYS_SEARCH_USER_PATHS = NO;
				CLANG_CXX_LANGUAGE_STANDARD = "gnu++0x";
				CLANG_CXX_LIBRARY = "libc++";
				CLANG_ENABLE_MODULES = YES;
				CLANG_ENABLE_OBJC_ARC = YES;
				CLANG_WARN_BOOL_CONVERSION = YES;
				CLANG_WARN_CONSTANT_CONVERSION = YES;
				CLANG_WARN_DIRECT_OBJC_ISA_USAGE = YES_ERROR;
				CLANG_WARN_EMPTY_BODY = YES;
				CLANG_WARN_ENUM_CONVERSION = YES;
				CLANG_WARN_INFINITE_RECURSION = YES;
				CLANG_WARN_INT_CONVERSION = YES;
				CLANG_WARN_OBJC_ROOT_CLASS = YES_ERROR;
				CLANG_WARN_SUSPICIOUS_MOVE = YES;
				CLANG_WARN_UNREACHABLE_CODE = YES;
				CLANG_WARN__DUPLICATE_METHOD_MATCH = YES;
				"CODE_SIGN_IDENTITY[sdk=iphoneos*]" = "iPhone Developer";
				COPY_PHASE_STRIP = NO;
				DEBUG_INFORMATION_FORMAT = dwarf;
				ENABLE_STRICT_OBJC_MSGSEND = YES;
				ENABLE_TESTABILITY = YES;
				GCC_C_LANGUAGE_STANDARD = gnu99;
				GCC_DYNAMIC_NO_PIC = NO;
				GCC_NO_COMMON_BLOCKS = YES;
				GCC_OPTIMIZATION_LEVEL = 0;
				GCC_PREPROCESSOR_DEFINITIONS = (
					"DEBUG=1",
					"$(inherited)",
				);
				GCC_WARN_64_TO_32_BIT_CONVERSION = YES;
				GCC_WARN_ABOUT_RETURN_TYPE = YES_ERROR;
				GCC_WARN_UNDECLARED_SELECTOR = YES;
				GCC_WARN_UNINITIALIZED_AUTOS = YES_AGGRESSIVE;
				GCC_WARN_UNUSED_FUNCTION = YES;
				GCC_WARN_UNUSED_VARIABLE = YES;
				IPHONEOS_DEPLOYMENT_TARGET = 9.0;
				MTL_ENABLE_DEBUG_INFO = YES;
				ONLY_ACTIVE_ARCH = YES;
				SDKROOT = iphoneos;
				SWIFT_OPTIMIZATION_LEVEL = "-Onone";
			};
			name = Debug;
		};
		A4EEF0E01C856CEF0039430A /* Release */ = {
			isa = XCBuildConfiguration;
			buildSettings = {
				ALWAYS_SEARCH_USER_PATHS = NO;
				CLANG_CXX_LANGUAGE_STANDARD = "gnu++0x";
				CLANG_CXX_LIBRARY = "libc++";
				CLANG_ENABLE_MODULES = YES;
				CLANG_ENABLE_OBJC_ARC = YES;
				CLANG_WARN_BOOL_CONVERSION = YES;
				CLANG_WARN_CONSTANT_CONVERSION = YES;
				CLANG_WARN_DIRECT_OBJC_ISA_USAGE = YES_ERROR;
				CLANG_WARN_EMPTY_BODY = YES;
				CLANG_WARN_ENUM_CONVERSION = YES;
				CLANG_WARN_INFINITE_RECURSION = YES;
				CLANG_WARN_INT_CONVERSION = YES;
				CLANG_WARN_OBJC_ROOT_CLASS = YES_ERROR;
				CLANG_WARN_SUSPICIOUS_MOVE = YES;
				CLANG_WARN_UNREACHABLE_CODE = YES;
				CLANG_WARN__DUPLICATE_METHOD_MATCH = YES;
				"CODE_SIGN_IDENTITY[sdk=iphoneos*]" = "iPhone Developer";
				COPY_PHASE_STRIP = NO;
				DEBUG_INFORMATION_FORMAT = "dwarf-with-dsym";
				ENABLE_NS_ASSERTIONS = NO;
				ENABLE_STRICT_OBJC_MSGSEND = YES;
				GCC_C_LANGUAGE_STANDARD = gnu99;
				GCC_NO_COMMON_BLOCKS = YES;
				GCC_WARN_64_TO_32_BIT_CONVERSION = YES;
				GCC_WARN_ABOUT_RETURN_TYPE = YES_ERROR;
				GCC_WARN_UNDECLARED_SELECTOR = YES;
				GCC_WARN_UNINITIALIZED_AUTOS = YES_AGGRESSIVE;
				GCC_WARN_UNUSED_FUNCTION = YES;
				GCC_WARN_UNUSED_VARIABLE = YES;
				IPHONEOS_DEPLOYMENT_TARGET = 9.0;
				MTL_ENABLE_DEBUG_INFO = NO;
				SDKROOT = iphoneos;
				SWIFT_OPTIMIZATION_LEVEL = "-Owholemodule";
				VALIDATE_PRODUCT = YES;
			};
			name = Release;
		};
		A4EEF0E21C856CEF0039430A /* Debug */ = {
			isa = XCBuildConfiguration;
			buildSettings = {
				ASSETCATALOG_COMPILER_APPICON_NAME = AppIcon;
				CODE_SIGN_IDENTITY = "iPhone Developer";
				DEVELOPMENT_TEAM = MGW797GVB2;
				INFOPLIST_FILE = "$(SRCROOT)/CalculatorForWoodWorker/Supporting Files/Info.plist";
				IPHONEOS_DEPLOYMENT_TARGET = 9.0;
				LD_RUNPATH_SEARCH_PATHS = "$(inherited) @executable_path/Frameworks";
				PRODUCT_BUNDLE_IDENTIFIER = net.softdevstory.CalculatorForWoodWorker;
				PRODUCT_NAME = "$(TARGET_NAME)";
				SWIFT_VERSION = 3.0;
			};
			name = Debug;
		};
		A4EEF0E31C856CEF0039430A /* Release */ = {
			isa = XCBuildConfiguration;
			buildSettings = {
				ASSETCATALOG_COMPILER_APPICON_NAME = AppIcon;
				CODE_SIGN_IDENTITY = "iPhone Developer";
				DEVELOPMENT_TEAM = MGW797GVB2;
				INFOPLIST_FILE = "$(SRCROOT)/CalculatorForWoodWorker/Supporting Files/Info.plist";
				IPHONEOS_DEPLOYMENT_TARGET = 9.0;
				LD_RUNPATH_SEARCH_PATHS = "$(inherited) @executable_path/Frameworks";
				PRODUCT_BUNDLE_IDENTIFIER = net.softdevstory.CalculatorForWoodWorker;
				PRODUCT_NAME = "$(TARGET_NAME)";
				SWIFT_VERSION = 3.0;
			};
			name = Release;
		};
/* End XCBuildConfiguration section */

/* Begin XCConfigurationList section */
		A47A694B1C8D0E750066AD78 /* Build configuration list for PBXNativeTarget "CalculatorForWoodWorkerUITests" */ = {
			isa = XCConfigurationList;
			buildConfigurations = (
				A47A694C1C8D0E750066AD78 /* Debug */,
				A47A694D1C8D0E750066AD78 /* Release */,
			);
			defaultConfigurationIsVisible = 0;
			defaultConfigurationName = Release;
		};
		A4EEF0CA1C856CEF0039430A /* Build configuration list for PBXProject "CalculatorForWoodWorker" */ = {
			isa = XCConfigurationList;
			buildConfigurations = (
				A4EEF0DF1C856CEF0039430A /* Debug */,
				A4EEF0E01C856CEF0039430A /* Release */,
			);
			defaultConfigurationIsVisible = 0;
			defaultConfigurationName = Release;
		};
		A4EEF0E11C856CEF0039430A /* Build configuration list for PBXNativeTarget "CalculatorForWoodWorker" */ = {
			isa = XCConfigurationList;
			buildConfigurations = (
				A4EEF0E21C856CEF0039430A /* Debug */,
				A4EEF0E31C856CEF0039430A /* Release */,
			);
			defaultConfigurationIsVisible = 0;
			defaultConfigurationName = Release;
		};
/* End XCConfigurationList section */
	};
	rootObject = A4EEF0C71C856CEF0039430A /* Project object */;
}
